// !$*UTF8*$!
{
	archiveVersion = 1;
	classes = {
	};
	objectVersion = 46;
	objects = {

/* Begin PBXBuildFile section */
		808D49E016A37CB100D7E8D9 /* UIKit.framework in Frameworks */ = {isa = PBXBuildFile; fileRef = 808D49DF16A37CB100D7E8D9 /* UIKit.framework */; };
		808D49E216A37CB100D7E8D9 /* Foundation.framework in Frameworks */ = {isa = PBXBuildFile; fileRef = 808D49E116A37CB100D7E8D9 /* Foundation.framework */; };
		808D49E416A37CB100D7E8D9 /* CoreGraphics.framework in Frameworks */ = {isa = PBXBuildFile; fileRef = 808D49E316A37CB100D7E8D9 /* CoreGraphics.framework */; };
		808D49EA16A37CB100D7E8D9 /* InfoPlist.strings in Resources */ = {isa = PBXBuildFile; fileRef = 808D49E816A37CB100D7E8D9 /* InfoPlist.strings */; };
		808D49EC16A37CB100D7E8D9 /* main.m in Sources */ = {isa = PBXBuildFile; fileRef = 808D49EB16A37CB100D7E8D9 /* main.m */; };
		808D49F016A37CB100D7E8D9 /* KCAppDelegate.m in Sources */ = {isa = PBXBuildFile; fileRef = 808D49EF16A37CB100D7E8D9 /* KCAppDelegate.m */; };
		808D49F216A37CB100D7E8D9 /* Default.png in Resources */ = {isa = PBXBuildFile; fileRef = 808D49F116A37CB100D7E8D9 /* Default.png */; };
		808D49F416A37CB100D7E8D9 /* Default@2x.png in Resources */ = {isa = PBXBuildFile; fileRef = 808D49F316A37CB100D7E8D9 /* Default@2x.png */; };
		808D49F616A37CB100D7E8D9 /* Default-568h@2x.png in Resources */ = {isa = PBXBuildFile; fileRef = 808D49F516A37CB100D7E8D9 /* Default-568h@2x.png */; };
		808D49F916A37CB100D7E8D9 /* MainStoryboard_iPhone.storyboard in Resources */ = {isa = PBXBuildFile; fileRef = 808D49F716A37CB100D7E8D9 /* MainStoryboard_iPhone.storyboard */; };
		808D49FC16A37CB100D7E8D9 /* MainStoryboard_iPad.storyboard in Resources */ = {isa = PBXBuildFile; fileRef = 808D49FA16A37CB100D7E8D9 /* MainStoryboard_iPad.storyboard */; };
		808D49FF16A37CB100D7E8D9 /* KCViewController.m in Sources */ = {isa = PBXBuildFile; fileRef = 808D49FE16A37CB100D7E8D9 /* KCViewController.m */; };
		808D4A0716A37CB100D7E8D9 /* SenTestingKit.framework in Frameworks */ = {isa = PBXBuildFile; fileRef = 808D4A0616A37CB100D7E8D9 /* SenTestingKit.framework */; };
		808D4A0816A37CB100D7E8D9 /* UIKit.framework in Frameworks */ = {isa = PBXBuildFile; fileRef = 808D49DF16A37CB100D7E8D9 /* UIKit.framework */; };
		808D4A0916A37CB100D7E8D9 /* Foundation.framework in Frameworks */ = {isa = PBXBuildFile; fileRef = 808D49E116A37CB100D7E8D9 /* Foundation.framework */; };
		808D4A1116A37CB100D7E8D9 /* InfoPlist.strings in Resources */ = {isa = PBXBuildFile; fileRef = 808D4A0F16A37CB100D7E8D9 /* InfoPlist.strings */; };
		808D4A1416A37CB100D7E8D9 /* Karel_learns_Objective_CTests.m in Sources */ = {isa = PBXBuildFile; fileRef = 808D4A1316A37CB100D7E8D9 /* Karel_learns_Objective_CTests.m */; };
		808D4A2216A37CFE00D7E8D9 /* KCWorld.m in Sources */ = {isa = PBXBuildFile; fileRef = 808D4A2116A37CFE00D7E8D9 /* KCWorld.m */; };
		808D4A2316A37CFE00D7E8D9 /* KCWorld.m in Sources */ = {isa = PBXBuildFile; fileRef = 808D4A2116A37CFE00D7E8D9 /* KCWorld.m */; };
		808D4A2616A37E1400D7E8D9 /* KCPosition.m in Sources */ = {isa = PBXBuildFile; fileRef = 808D4A2516A37E1400D7E8D9 /* KCPosition.m */; };
		808D4A2716A37E1400D7E8D9 /* KCPosition.m in Sources */ = {isa = PBXBuildFile; fileRef = 808D4A2516A37E1400D7E8D9 /* KCPosition.m */; };
		808D4A2A16A37E8600D7E8D9 /* KCWorldView.m in Sources */ = {isa = PBXBuildFile; fileRef = 808D4A2916A37E8600D7E8D9 /* KCWorldView.m */; };
		808D4A2B16A37E8600D7E8D9 /* KCWorldView.m in Sources */ = {isa = PBXBuildFile; fileRef = 808D4A2916A37E8600D7E8D9 /* KCWorldView.m */; };
		808D4A2E16A3810300D7E8D9 /* KCSize.m in Sources */ = {isa = PBXBuildFile; fileRef = 808D4A2D16A3810300D7E8D9 /* KCSize.m */; };
		808D4A2F16A3810300D7E8D9 /* KCSize.m in Sources */ = {isa = PBXBuildFile; fileRef = 808D4A2D16A3810300D7E8D9 /* KCSize.m */; };
		808D4A3216A3827400D7E8D9 /* KCHeadedPosition.m in Sources */ = {isa = PBXBuildFile; fileRef = 808D4A3116A3827400D7E8D9 /* KCHeadedPosition.m */; };
		808D4A3316A3827400D7E8D9 /* KCHeadedPosition.m in Sources */ = {isa = PBXBuildFile; fileRef = 808D4A3116A3827400D7E8D9 /* KCHeadedPosition.m */; };
		808D4A3C16A38A6800D7E8D9 /* KCKarel.m in Sources */ = {isa = PBXBuildFile; fileRef = 808D4A3B16A38A6800D7E8D9 /* KCKarel.m */; };
		808D4A3D16A38A6800D7E8D9 /* KCKarel.m in Sources */ = {isa = PBXBuildFile; fileRef = 808D4A3B16A38A6800D7E8D9 /* KCKarel.m */; };
		808D4A4016A38F8900D7E8D9 /* KCSquareView.m in Sources */ = {isa = PBXBuildFile; fileRef = 808D4A3F16A38F8900D7E8D9 /* KCSquareView.m */; };
		808D4A4116A38F8900D7E8D9 /* KCSquareView.m in Sources */ = {isa = PBXBuildFile; fileRef = 808D4A3F16A38F8900D7E8D9 /* KCSquareView.m */; };
		80931BDC16A4614E00F59C30 /* square_128_beeper.png in Resources */ = {isa = PBXBuildFile; fileRef = 80931BD616A4614D00F59C30 /* square_128_beeper.png */; };
		80931BDD16A4614E00F59C30 /* square_128_bg.png in Resources */ = {isa = PBXBuildFile; fileRef = 80931BD716A4614D00F59C30 /* square_128_bg.png */; };
		80931BE716A4694000F59C30 /* KCMatrix.m in Sources */ = {isa = PBXBuildFile; fileRef = 80931BE616A4694000F59C30 /* KCMatrix.m */; };
		80931BEA16A4830300F59C30 /* KCWallView.m in Sources */ = {isa = PBXBuildFile; fileRef = 80931BE916A4830300F59C30 /* KCWallView.m */; };
		80931BED16A4BDE700F59C30 /* square_wall_landscape.png in Resources */ = {isa = PBXBuildFile; fileRef = 80931BEB16A4BDE700F59C30 /* square_wall_landscape.png */; };
		80931BEE16A4BDE700F59C30 /* square_wall_portrait.png in Resources */ = {isa = PBXBuildFile; fileRef = 80931BEC16A4BDE700F59C30 /* square_wall_portrait.png */; };
		80931BF116A4C8D700F59C30 /* KCKarelView.m in Sources */ = {isa = PBXBuildFile; fileRef = 80931BF016A4C8D700F59C30 /* KCKarelView.m */; };
		80931BF316A4C9A300F59C30 /* karel_128.png in Resources */ = {isa = PBXBuildFile; fileRef = 80931BF216A4C9A300F59C30 /* karel_128.png */; };
		80931BF516A4CAD900F59C30 /* QuartzCore.framework in Frameworks */ = {isa = PBXBuildFile; fileRef = 80931BF416A4CAD900F59C30 /* QuartzCore.framework */; };
		8094F56B16AB04D200675294 /* KCSuperKarel.m in Sources */ = {isa = PBXBuildFile; fileRef = 8094F56A16AB04D200675294 /* KCSuperKarel.m */; };
		8094F58A16AB6CB100675294 /* beeperPickingKarel.kcw in Resources */ = {isa = PBXBuildFile; fileRef = 8094F58916AB6CB100675294 /* beeperPickingKarel.kcw */; };
		8094F58C16AB6CB700675294 /* StoneMasonWorld.kcw in Resources */ = {isa = PBXBuildFile; fileRef = 8094F58B16AB6CB700675294 /* StoneMasonWorld.kcw */; };
		8094F58F16AB6D8400675294 /* KCArtistKarel.m in Sources */ = {isa = PBXBuildFile; fileRef = 8094F58E16AB6D8400675294 /* KCArtistKarel.m */; };
		8094F59216AB6E5B00675294 /* KCColorByNumbersKarel.m in Sources */ = {isa = PBXBuildFile; fileRef = 8094F59116AB6E5B00675294 /* KCColorByNumbersKarel.m */; };
		8094F59516AB6E8400675294 /* ColorByNumbersKarel2.kcw in Resources */ = {isa = PBXBuildFile; fileRef = 8094F59316AB6E8300675294 /* ColorByNumbersKarel2.kcw */; };
		8094F59616AB6E8400675294 /* ColorByNumbersKarel1.kcw in Resources */ = {isa = PBXBuildFile; fileRef = 8094F59416AB6E8300675294 /* ColorByNumbersKarel1.kcw */; };
		80C1784116A715060068B006 /* KCWorldSelectionViewController.m in Sources */ = {isa = PBXBuildFile; fileRef = 80C1784016A715060068B006 /* KCWorldSelectionViewController.m */; };
		80C1784516A73CB70068B006 /* KCWorldLibrary.m in Sources */ = {isa = PBXBuildFile; fileRef = 80C1784416A73CB70068B006 /* KCWorldLibrary.m */; };
		80C1784616A73CB70068B006 /* KCWorldLibrary.m in Sources */ = {isa = PBXBuildFile; fileRef = 80C1784416A73CB70068B006 /* KCWorldLibrary.m */; };
		80C1784916A74A2D0068B006 /* KCWorldEditorViewController.m in Sources */ = {isa = PBXBuildFile; fileRef = 80C1784816A74A2D0068B006 /* KCWorldEditorViewController.m */; };
		80C1784A16A74A2D0068B006 /* KCWorldEditorViewController.m in Sources */ = {isa = PBXBuildFile; fileRef = 80C1784816A74A2D0068B006 /* KCWorldEditorViewController.m */; };
		80C1784D16A7664C0068B006 /* KCWorldPropertySelectionViewController.m in Sources */ = {isa = PBXBuildFile; fileRef = 80C1784C16A7664C0068B006 /* KCWorldPropertySelectionViewController.m */; };
		80C1784E16A7664C0068B006 /* KCWorldPropertySelectionViewController.m in Sources */ = {isa = PBXBuildFile; fileRef = 80C1784C16A7664C0068B006 /* KCWorldPropertySelectionViewController.m */; };
		80EC223516ACA1AB00C8E764 /* ArtistKarel1.kcw in Resources */ = {isa = PBXBuildFile; fileRef = 80EC223416ACA1AB00C8E764 /* ArtistKarel1.kcw */; };
		80EC223816ACA23100C8E764 /* ArtistKarel2.kcw in Resources */ = {isa = PBXBuildFile; fileRef = 80EC223716ACA23100C8E764 /* ArtistKarel2.kcw */; };
		80ECDEE916AEEA4800E467C4 /* KCCounter.m in Sources */ = {isa = PBXBuildFile; fileRef = 80ECDEE816AEEA4800E467C4 /* KCCounter.m */; };
		80ECDEEA16AEEA4800E467C4 /* KCCounter.m in Sources */ = {isa = PBXBuildFile; fileRef = 80ECDEE816AEEA4800E467C4 /* KCCounter.m */; };
		80ECDEEE16AEEFBE00E467C4 /* KCCountingKarel.m in Sources */ = {isa = PBXBuildFile; fileRef = 80ECDEED16AEEFBE00E467C4 /* KCCountingKarel.m */; };
		80ECDEEF16AEEFBE00E467C4 /* KCCountingKarel.m in Sources */ = {isa = PBXBuildFile; fileRef = 80ECDEED16AEEFBE00E467C4 /* KCCountingKarel.m */; };
		80ECDEF416AEF25400E467C4 /* CountingKarel.kcw in Resources */ = {isa = PBXBuildFile; fileRef = 80ECDEF316AEF25400E467C4 /* CountingKarel.kcw */; };
		80ECDEF516AEF25400E467C4 /* CountingKarel.kcw in Resources */ = {isa = PBXBuildFile; fileRef = 80ECDEF316AEF25400E467C4 /* CountingKarel.kcw */; };
		80ECDEF816AEF61000E467C4 /* KCCounterView.m in Sources */ = {isa = PBXBuildFile; fileRef = 80ECDEF716AEF61000E467C4 /* KCCounterView.m */; };
		80ECDEF916AEF61000E467C4 /* KCCounterView.m in Sources */ = {isa = PBXBuildFile; fileRef = 80ECDEF716AEF61000E467C4 /* KCCounterView.m */; };
		80ECDEFC16AEF95800E467C4 /* KCCounterSlotView.m in Sources */ = {isa = PBXBuildFile; fileRef = 80ECDEFB16AEF95800E467C4 /* KCCounterSlotView.m */; };
		80ECDEFF16AEFB4800E467C4 /* KCFlexibleArray.m in Sources */ = {isa = PBXBuildFile; fileRef = 80ECDEFE16AEFB4800E467C4 /* KCFlexibleArray.m */; };
		80ECDF0216AF1EF200E467C4 /* KCColorPalette.m in Sources */ = {isa = PBXBuildFile; fileRef = 80ECDF0116AF1EF100E467C4 /* KCColorPalette.m */; };
		80FFC7D316A5EA4600756027 /* KCWorldTest.m in Sources */ = {isa = PBXBuildFile; fileRef = 80FFC7D216A5EA4600756027 /* KCWorldTest.m */; };
		80FFC7D616A5EC0D00756027 /* KCPositionTest.m in Sources */ = {isa = PBXBuildFile; fileRef = 80FFC7D516A5EC0D00756027 /* KCPositionTest.m */; };
		80FFC7D916A5F1C200756027 /* KCHeadedPositionTest.m in Sources */ = {isa = PBXBuildFile; fileRef = 80FFC7D816A5F1C200756027 /* KCHeadedPositionTest.m */; };
		80FFC7DC16A5F64F00756027 /* KCTestKarelBahaviourInWorld.m in Sources */ = {isa = PBXBuildFile; fileRef = 80FFC7DB16A5F64F00756027 /* KCTestKarelBahaviourInWorld.m */; };
		80FFC7DF16A5FB8A00756027 /* KCBeeperPickingKarel.m in Sources */ = {isa = PBXBuildFile; fileRef = 80FFC7DE16A5FB8A00756027 /* KCBeeperPickingKarel.m */; };
		80FFC7E016A5FB8A00756027 /* KCBeeperPickingKarel.m in Sources */ = {isa = PBXBuildFile; fileRef = 80FFC7DE16A5FB8A00756027 /* KCBeeperPickingKarel.m */; };
		80FFC7E416A60A2F00756027 /* KCKarelConsistencyTest.m in Sources */ = {isa = PBXBuildFile; fileRef = 80FFC7E316A60A2F00756027 /* KCKarelConsistencyTest.m */; };
		80FFC7E816A6305100756027 /* KCStoneMasonKarel.m in Sources */ = {isa = PBXBuildFile; fileRef = 80FFC7E716A6305100756027 /* KCStoneMasonKarel.m */; };
		80FFC7EB16A63C5900756027 /* KCStoneMasonKarel.m in Sources */ = {isa = PBXBuildFile; fileRef = 80FFC7E716A6305100756027 /* KCStoneMasonKarel.m */; };
/* End PBXBuildFile section */

/* Begin PBXContainerItemProxy section */
		808D4A0A16A37CB100D7E8D9 /* PBXContainerItemProxy */ = {
			isa = PBXContainerItemProxy;
			containerPortal = 808D49D216A37CB100D7E8D9 /* Project object */;
			proxyType = 1;
			remoteGlobalIDString = 808D49DA16A37CB100D7E8D9;
			remoteInfo = "Karel learns Objective-C";
		};
/* End PBXContainerItemProxy section */

/* Begin PBXFileReference section */
		808D49DB16A37CB100D7E8D9 /* Karel learns Objective-C.app */ = {isa = PBXFileReference; explicitFileType = wrapper.application; includeInIndex = 0; path = "Karel learns Objective-C.app"; sourceTree = BUILT_PRODUCTS_DIR; };
		808D49DF16A37CB100D7E8D9 /* UIKit.framework */ = {isa = PBXFileReference; lastKnownFileType = wrapper.framework; name = UIKit.framework; path = System/Library/Frameworks/UIKit.framework; sourceTree = SDKROOT; };
		808D49E116A37CB100D7E8D9 /* Foundation.framework */ = {isa = PBXFileReference; lastKnownFileType = wrapper.framework; name = Foundation.framework; path = System/Library/Frameworks/Foundation.framework; sourceTree = SDKROOT; };
		808D49E316A37CB100D7E8D9 /* CoreGraphics.framework */ = {isa = PBXFileReference; lastKnownFileType = wrapper.framework; name = CoreGraphics.framework; path = System/Library/Frameworks/CoreGraphics.framework; sourceTree = SDKROOT; };
		808D49E716A37CB100D7E8D9 /* Karel learns Objective-C-Info.plist */ = {isa = PBXFileReference; lastKnownFileType = text.plist.xml; path = "Karel learns Objective-C-Info.plist"; sourceTree = "<group>"; };
		808D49E916A37CB100D7E8D9 /* en */ = {isa = PBXFileReference; lastKnownFileType = text.plist.strings; name = en; path = en.lproj/InfoPlist.strings; sourceTree = "<group>"; };
		808D49EB16A37CB100D7E8D9 /* main.m */ = {isa = PBXFileReference; lastKnownFileType = sourcecode.c.objc; path = main.m; sourceTree = "<group>"; };
		808D49ED16A37CB100D7E8D9 /* Karel learns Objective-C-Prefix.pch */ = {isa = PBXFileReference; lastKnownFileType = sourcecode.c.h; path = "Karel learns Objective-C-Prefix.pch"; sourceTree = "<group>"; };
		808D49EE16A37CB100D7E8D9 /* KCAppDelegate.h */ = {isa = PBXFileReference; lastKnownFileType = sourcecode.c.h; path = KCAppDelegate.h; sourceTree = "<group>"; };
		808D49EF16A37CB100D7E8D9 /* KCAppDelegate.m */ = {isa = PBXFileReference; lastKnownFileType = sourcecode.c.objc; path = KCAppDelegate.m; sourceTree = "<group>"; };
		808D49F116A37CB100D7E8D9 /* Default.png */ = {isa = PBXFileReference; lastKnownFileType = image.png; path = Default.png; sourceTree = "<group>"; };
		808D49F316A37CB100D7E8D9 /* Default@2x.png */ = {isa = PBXFileReference; lastKnownFileType = image.png; path = "Default@2x.png"; sourceTree = "<group>"; };
		808D49F516A37CB100D7E8D9 /* Default-568h@2x.png */ = {isa = PBXFileReference; lastKnownFileType = image.png; path = "Default-568h@2x.png"; sourceTree = "<group>"; };
		808D49F816A37CB100D7E8D9 /* en */ = {isa = PBXFileReference; lastKnownFileType = file.storyboard; name = en; path = en.lproj/MainStoryboard_iPhone.storyboard; sourceTree = "<group>"; };
		808D49FB16A37CB100D7E8D9 /* en */ = {isa = PBXFileReference; lastKnownFileType = file.storyboard; name = en; path = en.lproj/MainStoryboard_iPad.storyboard; sourceTree = "<group>"; };
		808D49FD16A37CB100D7E8D9 /* KCViewController.h */ = {isa = PBXFileReference; lastKnownFileType = sourcecode.c.h; path = KCViewController.h; sourceTree = "<group>"; };
		808D49FE16A37CB100D7E8D9 /* KCViewController.m */ = {isa = PBXFileReference; lastKnownFileType = sourcecode.c.objc; path = KCViewController.m; sourceTree = "<group>"; };
		808D4A0516A37CB100D7E8D9 /* Karel learns Objective-CTests.octest */ = {isa = PBXFileReference; explicitFileType = wrapper.cfbundle; includeInIndex = 0; path = "Karel learns Objective-CTests.octest"; sourceTree = BUILT_PRODUCTS_DIR; };
		808D4A0616A37CB100D7E8D9 /* SenTestingKit.framework */ = {isa = PBXFileReference; lastKnownFileType = wrapper.framework; name = SenTestingKit.framework; path = Library/Frameworks/SenTestingKit.framework; sourceTree = DEVELOPER_DIR; };
		808D4A0E16A37CB100D7E8D9 /* Karel learns Objective-CTests-Info.plist */ = {isa = PBXFileReference; lastKnownFileType = text.plist.xml; path = "Karel learns Objective-CTests-Info.plist"; sourceTree = "<group>"; };
		808D4A1016A37CB100D7E8D9 /* en */ = {isa = PBXFileReference; lastKnownFileType = text.plist.strings; name = en; path = en.lproj/InfoPlist.strings; sourceTree = "<group>"; };
		808D4A1216A37CB100D7E8D9 /* Karel_learns_Objective_CTests.h */ = {isa = PBXFileReference; lastKnownFileType = sourcecode.c.h; path = Karel_learns_Objective_CTests.h; sourceTree = "<group>"; };
		808D4A1316A37CB100D7E8D9 /* Karel_learns_Objective_CTests.m */ = {isa = PBXFileReference; lastKnownFileType = sourcecode.c.objc; path = Karel_learns_Objective_CTests.m; sourceTree = "<group>"; };
		808D4A2016A37CFE00D7E8D9 /* KCWorld.h */ = {isa = PBXFileReference; fileEncoding = 4; lastKnownFileType = sourcecode.c.h; path = KCWorld.h; sourceTree = "<group>"; };
		808D4A2116A37CFE00D7E8D9 /* KCWorld.m */ = {isa = PBXFileReference; fileEncoding = 4; lastKnownFileType = sourcecode.c.objc; path = KCWorld.m; sourceTree = "<group>"; };
		808D4A2416A37E1400D7E8D9 /* KCPosition.h */ = {isa = PBXFileReference; fileEncoding = 4; lastKnownFileType = sourcecode.c.h; path = KCPosition.h; sourceTree = "<group>"; };
		808D4A2516A37E1400D7E8D9 /* KCPosition.m */ = {isa = PBXFileReference; fileEncoding = 4; lastKnownFileType = sourcecode.c.objc; path = KCPosition.m; sourceTree = "<group>"; };
		808D4A2816A37E8500D7E8D9 /* KCWorldView.h */ = {isa = PBXFileReference; fileEncoding = 4; lastKnownFileType = sourcecode.c.h; path = KCWorldView.h; sourceTree = "<group>"; };
		808D4A2916A37E8600D7E8D9 /* KCWorldView.m */ = {isa = PBXFileReference; fileEncoding = 4; lastKnownFileType = sourcecode.c.objc; path = KCWorldView.m; sourceTree = "<group>"; };
		808D4A2C16A3810300D7E8D9 /* KCSize.h */ = {isa = PBXFileReference; fileEncoding = 4; lastKnownFileType = sourcecode.c.h; path = KCSize.h; sourceTree = "<group>"; };
		808D4A2D16A3810300D7E8D9 /* KCSize.m */ = {isa = PBXFileReference; fileEncoding = 4; lastKnownFileType = sourcecode.c.objc; path = KCSize.m; sourceTree = "<group>"; };
		808D4A3016A3827400D7E8D9 /* KCHeadedPosition.h */ = {isa = PBXFileReference; fileEncoding = 4; lastKnownFileType = sourcecode.c.h; path = KCHeadedPosition.h; sourceTree = "<group>"; };
		808D4A3116A3827400D7E8D9 /* KCHeadedPosition.m */ = {isa = PBXFileReference; fileEncoding = 4; lastKnownFileType = sourcecode.c.objc; path = KCHeadedPosition.m; sourceTree = "<group>"; };
		808D4A3A16A38A6800D7E8D9 /* KCKarel.h */ = {isa = PBXFileReference; fileEncoding = 4; lastKnownFileType = sourcecode.c.h; path = KCKarel.h; sourceTree = "<group>"; };
		808D4A3B16A38A6800D7E8D9 /* KCKarel.m */ = {isa = PBXFileReference; fileEncoding = 4; lastKnownFileType = sourcecode.c.objc; path = KCKarel.m; sourceTree = "<group>"; };
		808D4A3E16A38F8900D7E8D9 /* KCSquareView.h */ = {isa = PBXFileReference; fileEncoding = 4; lastKnownFileType = sourcecode.c.h; path = KCSquareView.h; sourceTree = "<group>"; };
		808D4A3F16A38F8900D7E8D9 /* KCSquareView.m */ = {isa = PBXFileReference; fileEncoding = 4; lastKnownFileType = sourcecode.c.objc; path = KCSquareView.m; sourceTree = "<group>"; };
		80931BD616A4614D00F59C30 /* square_128_beeper.png */ = {isa = PBXFileReference; lastKnownFileType = image.png; name = square_128_beeper.png; path = ../square_128_beeper.png; sourceTree = "<group>"; };
		80931BD716A4614D00F59C30 /* square_128_bg.png */ = {isa = PBXFileReference; lastKnownFileType = image.png; name = square_128_bg.png; path = ../square_128_bg.png; sourceTree = "<group>"; };
		80931BE516A4694000F59C30 /* KCMatrix.h */ = {isa = PBXFileReference; fileEncoding = 4; lastKnownFileType = sourcecode.c.h; path = KCMatrix.h; sourceTree = "<group>"; };
		80931BE616A4694000F59C30 /* KCMatrix.m */ = {isa = PBXFileReference; fileEncoding = 4; lastKnownFileType = sourcecode.c.objc; path = KCMatrix.m; sourceTree = "<group>"; };
		80931BE816A4830300F59C30 /* KCWallView.h */ = {isa = PBXFileReference; fileEncoding = 4; lastKnownFileType = sourcecode.c.h; path = KCWallView.h; sourceTree = "<group>"; };
		80931BE916A4830300F59C30 /* KCWallView.m */ = {isa = PBXFileReference; fileEncoding = 4; lastKnownFileType = sourcecode.c.objc; path = KCWallView.m; sourceTree = "<group>"; };
		80931BEB16A4BDE700F59C30 /* square_wall_landscape.png */ = {isa = PBXFileReference; lastKnownFileType = image.png; name = square_wall_landscape.png; path = ../square_wall_landscape.png; sourceTree = "<group>"; };
		80931BEC16A4BDE700F59C30 /* square_wall_portrait.png */ = {isa = PBXFileReference; lastKnownFileType = image.png; name = square_wall_portrait.png; path = ../square_wall_portrait.png; sourceTree = "<group>"; };
		80931BEF16A4C8D700F59C30 /* KCKarelView.h */ = {isa = PBXFileReference; fileEncoding = 4; lastKnownFileType = sourcecode.c.h; path = KCKarelView.h; sourceTree = "<group>"; };
		80931BF016A4C8D700F59C30 /* KCKarelView.m */ = {isa = PBXFileReference; fileEncoding = 4; lastKnownFileType = sourcecode.c.objc; path = KCKarelView.m; sourceTree = "<group>"; };
		80931BF216A4C9A300F59C30 /* karel_128.png */ = {isa = PBXFileReference; lastKnownFileType = image.png; name = karel_128.png; path = ../karel_128.png; sourceTree = "<group>"; };
		80931BF416A4CAD900F59C30 /* QuartzCore.framework */ = {isa = PBXFileReference; lastKnownFileType = wrapper.framework; name = QuartzCore.framework; path = System/Library/Frameworks/QuartzCore.framework; sourceTree = SDKROOT; };
		8094F56916AB04D200675294 /* KCSuperKarel.h */ = {isa = PBXFileReference; fileEncoding = 4; lastKnownFileType = sourcecode.c.h; path = KCSuperKarel.h; sourceTree = "<group>"; };
		8094F56A16AB04D200675294 /* KCSuperKarel.m */ = {isa = PBXFileReference; fileEncoding = 4; lastKnownFileType = sourcecode.c.objc; path = KCSuperKarel.m; sourceTree = "<group>"; };
		8094F58916AB6CB100675294 /* beeperPickingKarel.kcw */ = {isa = PBXFileReference; fileEncoding = 4; lastKnownFileType = text; name = beeperPickingKarel.kcw; path = ../beeperPickingKarel.kcw; sourceTree = "<group>"; };
		8094F58B16AB6CB700675294 /* StoneMasonWorld.kcw */ = {isa = PBXFileReference; fileEncoding = 4; lastKnownFileType = text; name = StoneMasonWorld.kcw; path = ../StoneMasonWorld.kcw; sourceTree = "<group>"; };
		8094F58D16AB6D8400675294 /* KCArtistKarel.h */ = {isa = PBXFileReference; fileEncoding = 4; lastKnownFileType = sourcecode.c.h; path = KCArtistKarel.h; sourceTree = "<group>"; };
		8094F58E16AB6D8400675294 /* KCArtistKarel.m */ = {isa = PBXFileReference; fileEncoding = 4; lastKnownFileType = sourcecode.c.objc; path = KCArtistKarel.m; sourceTree = "<group>"; };
		8094F59016AB6E5B00675294 /* KCColorByNumbersKarel.h */ = {isa = PBXFileReference; fileEncoding = 4; lastKnownFileType = sourcecode.c.h; path = KCColorByNumbersKarel.h; sourceTree = "<group>"; };
		8094F59116AB6E5B00675294 /* KCColorByNumbersKarel.m */ = {isa = PBXFileReference; fileEncoding = 4; lastKnownFileType = sourcecode.c.objc; path = KCColorByNumbersKarel.m; sourceTree = "<group>"; };
		8094F59316AB6E8300675294 /* ColorByNumbersKarel2.kcw */ = {isa = PBXFileReference; fileEncoding = 4; lastKnownFileType = text; name = ColorByNumbersKarel2.kcw; path = ../ColorByNumbersKarel2.kcw; sourceTree = "<group>"; };
		8094F59416AB6E8300675294 /* ColorByNumbersKarel1.kcw */ = {isa = PBXFileReference; fileEncoding = 4; lastKnownFileType = text; name = ColorByNumbersKarel1.kcw; path = ../ColorByNumbersKarel1.kcw; sourceTree = "<group>"; };
		80C1783F16A715060068B006 /* KCWorldSelectionViewController.h */ = {isa = PBXFileReference; fileEncoding = 4; lastKnownFileType = sourcecode.c.h; path = KCWorldSelectionViewController.h; sourceTree = "<group>"; };
		80C1784016A715060068B006 /* KCWorldSelectionViewController.m */ = {isa = PBXFileReference; fileEncoding = 4; lastKnownFileType = sourcecode.c.objc; path = KCWorldSelectionViewController.m; sourceTree = "<group>"; };
		80C1784316A73CB70068B006 /* KCWorldLibrary.h */ = {isa = PBXFileReference; fileEncoding = 4; lastKnownFileType = sourcecode.c.h; path = KCWorldLibrary.h; sourceTree = "<group>"; };
		80C1784416A73CB70068B006 /* KCWorldLibrary.m */ = {isa = PBXFileReference; fileEncoding = 4; lastKnownFileType = sourcecode.c.objc; path = KCWorldLibrary.m; sourceTree = "<group>"; };
		80C1784716A74A2D0068B006 /* KCWorldEditorViewController.h */ = {isa = PBXFileReference; fileEncoding = 4; lastKnownFileType = sourcecode.c.h; path = KCWorldEditorViewController.h; sourceTree = "<group>"; };
		80C1784816A74A2D0068B006 /* KCWorldEditorViewController.m */ = {isa = PBXFileReference; fileEncoding = 4; lastKnownFileType = sourcecode.c.objc; path = KCWorldEditorViewController.m; sourceTree = "<group>"; };
		80C1784B16A7664C0068B006 /* KCWorldPropertySelectionViewController.h */ = {isa = PBXFileReference; fileEncoding = 4; lastKnownFileType = sourcecode.c.h; path = KCWorldPropertySelectionViewController.h; sourceTree = "<group>"; };
		80C1784C16A7664C0068B006 /* KCWorldPropertySelectionViewController.m */ = {isa = PBXFileReference; fileEncoding = 4; lastKnownFileType = sourcecode.c.objc; path = KCWorldPropertySelectionViewController.m; sourceTree = "<group>"; };
		80EC223416ACA1AB00C8E764 /* ArtistKarel1.kcw */ = {isa = PBXFileReference; fileEncoding = 4; lastKnownFileType = text; name = ArtistKarel1.kcw; path = ../ArtistKarel1.kcw; sourceTree = "<group>"; };
		80EC223716ACA23100C8E764 /* ArtistKarel2.kcw */ = {isa = PBXFileReference; fileEncoding = 4; lastKnownFileType = text; name = ArtistKarel2.kcw; path = ../ArtistKarel2.kcw; sourceTree = "<group>"; };
		80ECDEE716AEEA4800E467C4 /* KCCounter.h */ = {isa = PBXFileReference; fileEncoding = 4; lastKnownFileType = sourcecode.c.h; path = KCCounter.h; sourceTree = "<group>"; };
		80ECDEE816AEEA4800E467C4 /* KCCounter.m */ = {isa = PBXFileReference; fileEncoding = 4; lastKnownFileType = sourcecode.c.objc; path = KCCounter.m; sourceTree = "<group>"; };
		80ECDEEC16AEEFBE00E467C4 /* KCCountingKarel.h */ = {isa = PBXFileReference; fileEncoding = 4; lastKnownFileType = sourcecode.c.h; path = KCCountingKarel.h; sourceTree = "<group>"; };
		80ECDEED16AEEFBE00E467C4 /* KCCountingKarel.m */ = {isa = PBXFileReference; fileEncoding = 4; lastKnownFileType = sourcecode.c.objc; path = KCCountingKarel.m; sourceTree = "<group>"; };
		80ECDEF316AEF25400E467C4 /* CountingKarel.kcw */ = {isa = PBXFileReference; fileEncoding = 10; lastKnownFileType = text; path = CountingKarel.kcw; sourceTree = "<group>"; };
		80ECDEF616AEF61000E467C4 /* KCCounterView.h */ = {isa = PBXFileReference; fileEncoding = 4; lastKnownFileType = sourcecode.c.h; path = KCCounterView.h; sourceTree = "<group>"; };
		80ECDEF716AEF61000E467C4 /* KCCounterView.m */ = {isa = PBXFileReference; fileEncoding = 4; lastKnownFileType = sourcecode.c.objc; path = KCCounterView.m; sourceTree = "<group>"; };
		80ECDEFA16AEF95800E467C4 /* KCCounterSlotView.h */ = {isa = PBXFileReference; fileEncoding = 4; lastKnownFileType = sourcecode.c.h; path = KCCounterSlotView.h; sourceTree = "<group>"; };
		80ECDEFB16AEF95800E467C4 /* KCCounterSlotView.m */ = {isa = PBXFileReference; fileEncoding = 4; lastKnownFileType = sourcecode.c.objc; path = KCCounterSlotView.m; sourceTree = "<group>"; };
		80ECDEFD16AEFB4700E467C4 /* KCFlexibleArray.h */ = {isa = PBXFileReference; fileEncoding = 4; lastKnownFileType = sourcecode.c.h; path = KCFlexibleArray.h; sourceTree = "<group>"; };
		80ECDEFE16AEFB4800E467C4 /* KCFlexibleArray.m */ = {isa = PBXFileReference; fileEncoding = 4; lastKnownFileType = sourcecode.c.objc; path = KCFlexibleArray.m; sourceTree = "<group>"; };
		80ECDF0016AF1EF100E467C4 /* KCColorPalette.h */ = {isa = PBXFileReference; fileEncoding = 4; lastKnownFileType = sourcecode.c.h; path = KCColorPalette.h; sourceTree = "<group>"; };
		80ECDF0116AF1EF100E467C4 /* KCColorPalette.m */ = {isa = PBXFileReference; fileEncoding = 4; lastKnownFileType = sourcecode.c.objc; path = KCColorPalette.m; sourceTree = "<group>"; };
		80FFC7D116A5EA4600756027 /* KCWorldTest.h */ = {isa = PBXFileReference; fileEncoding = 4; lastKnownFileType = sourcecode.c.h; path = KCWorldTest.h; sourceTree = "<group>"; };
		80FFC7D216A5EA4600756027 /* KCWorldTest.m */ = {isa = PBXFileReference; fileEncoding = 4; lastKnownFileType = sourcecode.c.objc; path = KCWorldTest.m; sourceTree = "<group>"; };
		80FFC7D416A5EC0D00756027 /* KCPositionTest.h */ = {isa = PBXFileReference; fileEncoding = 4; lastKnownFileType = sourcecode.c.h; path = KCPositionTest.h; sourceTree = "<group>"; };
		80FFC7D516A5EC0D00756027 /* KCPositionTest.m */ = {isa = PBXFileReference; fileEncoding = 4; lastKnownFileType = sourcecode.c.objc; path = KCPositionTest.m; sourceTree = "<group>"; };
		80FFC7D716A5F1C200756027 /* KCHeadedPositionTest.h */ = {isa = PBXFileReference; fileEncoding = 4; lastKnownFileType = sourcecode.c.h; path = KCHeadedPositionTest.h; sourceTree = "<group>"; };
		80FFC7D816A5F1C200756027 /* KCHeadedPositionTest.m */ = {isa = PBXFileReference; fileEncoding = 4; lastKnownFileType = sourcecode.c.objc; path = KCHeadedPositionTest.m; sourceTree = "<group>"; };
		80FFC7DA16A5F64F00756027 /* KCTestKarelBahaviourInWorld.h */ = {isa = PBXFileReference; fileEncoding = 4; lastKnownFileType = sourcecode.c.h; path = KCTestKarelBahaviourInWorld.h; sourceTree = "<group>"; };
		80FFC7DB16A5F64F00756027 /* KCTestKarelBahaviourInWorld.m */ = {isa = PBXFileReference; fileEncoding = 4; lastKnownFileType = sourcecode.c.objc; path = KCTestKarelBahaviourInWorld.m; sourceTree = "<group>"; };
		80FFC7DD16A5FB8A00756027 /* KCBeeperPickingKarel.h */ = {isa = PBXFileReference; fileEncoding = 4; lastKnownFileType = sourcecode.c.h; name = KCBeeperPickingKarel.h; path = "Karel learns Objective-C/KCBeeperPickingKarel.h"; sourceTree = "<group>"; };
		80FFC7DE16A5FB8A00756027 /* KCBeeperPickingKarel.m */ = {isa = PBXFileReference; fileEncoding = 4; lastKnownFileType = sourcecode.c.objc; name = KCBeeperPickingKarel.m; path = "Karel learns Objective-C/KCBeeperPickingKarel.m"; sourceTree = "<group>"; };
		80FFC7E216A60A2F00756027 /* KCKarelConsistencyTest.h */ = {isa = PBXFileReference; fileEncoding = 4; lastKnownFileType = sourcecode.c.h; path = KCKarelConsistencyTest.h; sourceTree = "<group>"; };
		80FFC7E316A60A2F00756027 /* KCKarelConsistencyTest.m */ = {isa = PBXFileReference; fileEncoding = 4; lastKnownFileType = sourcecode.c.objc; path = KCKarelConsistencyTest.m; sourceTree = "<group>"; };
		80FFC7E616A6305100756027 /* KCStoneMasonKarel.h */ = {isa = PBXFileReference; fileEncoding = 4; lastKnownFileType = sourcecode.c.h; path = KCStoneMasonKarel.h; sourceTree = "<group>"; };
		80FFC7E716A6305100756027 /* KCStoneMasonKarel.m */ = {isa = PBXFileReference; fileEncoding = 4; lastKnownFileType = sourcecode.c.objc; path = KCStoneMasonKarel.m; sourceTree = "<group>"; };
/* End PBXFileReference section */

/* Begin PBXFrameworksBuildPhase section */
		808D49D816A37CB100D7E8D9 /* Frameworks */ = {
			isa = PBXFrameworksBuildPhase;
			buildActionMask = 2147483647;
			files = (
				80931BF516A4CAD900F59C30 /* QuartzCore.framework in Frameworks */,
				808D49E016A37CB100D7E8D9 /* UIKit.framework in Frameworks */,
				808D49E216A37CB100D7E8D9 /* Foundation.framework in Frameworks */,
				808D49E416A37CB100D7E8D9 /* CoreGraphics.framework in Frameworks */,
			);
			runOnlyForDeploymentPostprocessing = 0;
		};
		808D4A0116A37CB100D7E8D9 /* Frameworks */ = {
			isa = PBXFrameworksBuildPhase;
			buildActionMask = 2147483647;
			files = (
				808D4A0716A37CB100D7E8D9 /* SenTestingKit.framework in Frameworks */,
				808D4A0816A37CB100D7E8D9 /* UIKit.framework in Frameworks */,
				808D4A0916A37CB100D7E8D9 /* Foundation.framework in Frameworks */,
			);
			runOnlyForDeploymentPostprocessing = 0;
		};
/* End PBXFrameworksBuildPhase section */

/* Begin PBXGroup section */
		808D49D016A37CB100D7E8D9 = {
			isa = PBXGroup;
			children = (
				80FFC7E116A5FB9000756027 /* Karels */,
				808D49E516A37CB100D7E8D9 /* Karel learns Objective-C */,
				808D4A0C16A37CB100D7E8D9 /* Karel learns Objective-CTests */,
				808D49DE16A37CB100D7E8D9 /* Frameworks */,
				808D49DC16A37CB100D7E8D9 /* Products */,
			);
			sourceTree = "<group>";
		};
		808D49DC16A37CB100D7E8D9 /* Products */ = {
			isa = PBXGroup;
			children = (
				808D49DB16A37CB100D7E8D9 /* Karel learns Objective-C.app */,
				808D4A0516A37CB100D7E8D9 /* Karel learns Objective-CTests.octest */,
			);
			name = Products;
			sourceTree = "<group>";
		};
		808D49DE16A37CB100D7E8D9 /* Frameworks */ = {
			isa = PBXGroup;
			children = (
				80931BF416A4CAD900F59C30 /* QuartzCore.framework */,
				808D49DF16A37CB100D7E8D9 /* UIKit.framework */,
				808D49E116A37CB100D7E8D9 /* Foundation.framework */,
				808D49E316A37CB100D7E8D9 /* CoreGraphics.framework */,
				808D4A0616A37CB100D7E8D9 /* SenTestingKit.framework */,
			);
			name = Frameworks;
			sourceTree = "<group>";
		};
		808D49E516A37CB100D7E8D9 /* Karel learns Objective-C */ = {
			isa = PBXGroup;
			children = (
				808D4A1E16A37CC800D7E8D9 /* Views/UI */,
				808D4A1D16A37CC100D7E8D9 /* Controllers */,
				808D4A1F16A37CD400D7E8D9 /* Models */,
				808D49E616A37CB100D7E8D9 /* Supporting Files */,
			);
			path = "Karel learns Objective-C";
			sourceTree = "<group>";
		};
		808D49E616A37CB100D7E8D9 /* Supporting Files */ = {
			isa = PBXGroup;
			children = (
				8094F58816AB6C5900675294 /* Worlds */,
				808D49EE16A37CB100D7E8D9 /* KCAppDelegate.h */,
				808D49EF16A37CB100D7E8D9 /* KCAppDelegate.m */,
				808D49E716A37CB100D7E8D9 /* Karel learns Objective-C-Info.plist */,
				808D49E816A37CB100D7E8D9 /* InfoPlist.strings */,
				808D49EB16A37CB100D7E8D9 /* main.m */,
				808D49ED16A37CB100D7E8D9 /* Karel learns Objective-C-Prefix.pch */,
				808D49F116A37CB100D7E8D9 /* Default.png */,
				808D49F316A37CB100D7E8D9 /* Default@2x.png */,
				808D49F516A37CB100D7E8D9 /* Default-568h@2x.png */,
			);
			name = "Supporting Files";
			sourceTree = "<group>";
		};
		808D4A0C16A37CB100D7E8D9 /* Karel learns Objective-CTests */ = {
			isa = PBXGroup;
			children = (
				80FFC7DA16A5F64F00756027 /* KCTestKarelBahaviourInWorld.h */,
				80FFC7DB16A5F64F00756027 /* KCTestKarelBahaviourInWorld.m */,
				80FFC7E216A60A2F00756027 /* KCKarelConsistencyTest.h */,
				80FFC7E316A60A2F00756027 /* KCKarelConsistencyTest.m */,
				80FFC7D116A5EA4600756027 /* KCWorldTest.h */,
				80FFC7D216A5EA4600756027 /* KCWorldTest.m */,
				80FFC7D416A5EC0D00756027 /* KCPositionTest.h */,
				80FFC7D516A5EC0D00756027 /* KCPositionTest.m */,
				80FFC7D716A5F1C200756027 /* KCHeadedPositionTest.h */,
				80FFC7D816A5F1C200756027 /* KCHeadedPositionTest.m */,
				808D4A1216A37CB100D7E8D9 /* Karel_learns_Objective_CTests.h */,
				808D4A1316A37CB100D7E8D9 /* Karel_learns_Objective_CTests.m */,
				808D4A0D16A37CB100D7E8D9 /* Supporting Files */,
			);
			path = "Karel learns Objective-CTests";
			sourceTree = "<group>";
		};
		808D4A0D16A37CB100D7E8D9 /* Supporting Files */ = {
			isa = PBXGroup;
			children = (
				808D4A0E16A37CB100D7E8D9 /* Karel learns Objective-CTests-Info.plist */,
				808D4A0F16A37CB100D7E8D9 /* InfoPlist.strings */,
			);
			name = "Supporting Files";
			sourceTree = "<group>";
		};
		808D4A1D16A37CC100D7E8D9 /* Controllers */ = {
			isa = PBXGroup;
			children = (
				808D49FD16A37CB100D7E8D9 /* KCViewController.h */,
				808D49FE16A37CB100D7E8D9 /* KCViewController.m */,
				80C1783F16A715060068B006 /* KCWorldSelectionViewController.h */,
				80C1784016A715060068B006 /* KCWorldSelectionViewController.m */,
				80C1784B16A7664C0068B006 /* KCWorldPropertySelectionViewController.h */,
				80C1784C16A7664C0068B006 /* KCWorldPropertySelectionViewController.m */,
				80C1784716A74A2D0068B006 /* KCWorldEditorViewController.h */,
				80C1784816A74A2D0068B006 /* KCWorldEditorViewController.m */,
			);
			name = Controllers;
			sourceTree = "<group>";
		};
		808D4A1E16A37CC800D7E8D9 /* Views/UI */ = {
			isa = PBXGroup;
			children = (
				808D4A3E16A38F8900D7E8D9 /* KCSquareView.h */,
				808D4A3F16A38F8900D7E8D9 /* KCSquareView.m */,
				80ECDEF616AEF61000E467C4 /* KCCounterView.h */,
				80ECDEF716AEF61000E467C4 /* KCCounterView.m */,
				80ECDEFA16AEF95800E467C4 /* KCCounterSlotView.h */,
				80ECDEFB16AEF95800E467C4 /* KCCounterSlotView.m */,
				80931BEF16A4C8D700F59C30 /* KCKarelView.h */,
				80931BF016A4C8D700F59C30 /* KCKarelView.m */,
				80931BE816A4830300F59C30 /* KCWallView.h */,
				80931BE916A4830300F59C30 /* KCWallView.m */,
				808D4A2816A37E8500D7E8D9 /* KCWorldView.h */,
				808D4A2916A37E8600D7E8D9 /* KCWorldView.m */,
				80931BF616A4E08B00F59C30 /* Structure */,
				80931BF716A4E09600F59C30 /* Images */,
				808D49F716A37CB100D7E8D9 /* MainStoryboard_iPhone.storyboard */,
				808D49FA16A37CB100D7E8D9 /* MainStoryboard_iPad.storyboard */,
			);
			name = Views/UI;
			sourceTree = "<group>";
		};
		808D4A1F16A37CD400D7E8D9 /* Models */ = {
			isa = PBXGroup;
			children = (
				80FFC7E516A6130D00756027 /* Basic */,
				808D4A2016A37CFE00D7E8D9 /* KCWorld.h */,
				808D4A2116A37CFE00D7E8D9 /* KCWorld.m */,
				808D4A3A16A38A6800D7E8D9 /* KCKarel.h */,
				808D4A3B16A38A6800D7E8D9 /* KCKarel.m */,
				80ECDF0016AF1EF100E467C4 /* KCColorPalette.h */,
				80ECDF0116AF1EF100E467C4 /* KCColorPalette.m */,
				80ECDEE716AEEA4800E467C4 /* KCCounter.h */,
				80ECDEE816AEEA4800E467C4 /* KCCounter.m */,
				80C1784316A73CB70068B006 /* KCWorldLibrary.h */,
				80C1784416A73CB70068B006 /* KCWorldLibrary.m */,
			);
			name = Models;
			sourceTree = "<group>";
		};
		80931BF616A4E08B00F59C30 /* Structure */ = {
			isa = PBXGroup;
			children = (
				80931BE516A4694000F59C30 /* KCMatrix.h */,
				80931BE616A4694000F59C30 /* KCMatrix.m */,
				80ECDEFD16AEFB4700E467C4 /* KCFlexibleArray.h */,
				80ECDEFE16AEFB4800E467C4 /* KCFlexibleArray.m */,
			);
			name = Structure;
			sourceTree = "<group>";
		};
		80931BF716A4E09600F59C30 /* Images */ = {
			isa = PBXGroup;
			children = (
				80931BF216A4C9A300F59C30 /* karel_128.png */,
				80931BEB16A4BDE700F59C30 /* square_wall_landscape.png */,
				80931BEC16A4BDE700F59C30 /* square_wall_portrait.png */,
				80931BD616A4614D00F59C30 /* square_128_beeper.png */,
				80931BD716A4614D00F59C30 /* square_128_bg.png */,
			);
			name = Images;
			sourceTree = "<group>";
		};
		8094F58816AB6C5900675294 /* Worlds */ = {
			isa = PBXGroup;
			children = (
				80ECDEF316AEF25400E467C4 /* CountingKarel.kcw */,
				80EC223416ACA1AB00C8E764 /* ArtistKarel1.kcw */,
				80EC223716ACA23100C8E764 /* ArtistKarel2.kcw */,
				8094F59316AB6E8300675294 /* ColorByNumbersKarel2.kcw */,
				8094F59416AB6E8300675294 /* ColorByNumbersKarel1.kcw */,
				8094F58B16AB6CB700675294 /* StoneMasonWorld.kcw */,
				8094F58916AB6CB100675294 /* beeperPickingKarel.kcw */,
			);
			name = Worlds;
			sourceTree = "<group>";
		};
		80FFC7E116A5FB9000756027 /* Karels */ = {
			isa = PBXGroup;
			children = (
				80FFC7DD16A5FB8A00756027 /* KCBeeperPickingKarel.h */,
				80FFC7DE16A5FB8A00756027 /* KCBeeperPickingKarel.m */,
				8094F56916AB04D200675294 /* KCSuperKarel.h */,
				8094F56A16AB04D200675294 /* KCSuperKarel.m */,
				80FFC7E616A6305100756027 /* KCStoneMasonKarel.h */,
				80FFC7E716A6305100756027 /* KCStoneMasonKarel.m */,
				8094F59016AB6E5B00675294 /* KCColorByNumbersKarel.h */,
				8094F59116AB6E5B00675294 /* KCColorByNumbersKarel.m */,
				80ECDEEC16AEEFBE00E467C4 /* KCCountingKarel.h */,
				80ECDEED16AEEFBE00E467C4 /* KCCountingKarel.m */,
				8094F58D16AB6D8400675294 /* KCArtistKarel.h */,
				8094F58E16AB6D8400675294 /* KCArtistKarel.m */,
			);
			name = Karels;
			sourceTree = "<group>";
		};
		80FFC7E516A6130D00756027 /* Basic */ = {
			isa = PBXGroup;
			children = (
				808D4A2416A37E1400D7E8D9 /* KCPosition.h */,
				808D4A2516A37E1400D7E8D9 /* KCPosition.m */,
				808D4A3016A3827400D7E8D9 /* KCHeadedPosition.h */,
				808D4A3116A3827400D7E8D9 /* KCHeadedPosition.m */,
				808D4A2C16A3810300D7E8D9 /* KCSize.h */,
				808D4A2D16A3810300D7E8D9 /* KCSize.m */,
			);
			name = Basic;
			sourceTree = "<group>";
		};
/* End PBXGroup section */

/* Begin PBXNativeTarget section */
		808D49DA16A37CB100D7E8D9 /* Karel learns Objective-C */ = {
			isa = PBXNativeTarget;
			buildConfigurationList = 808D4A1716A37CB100D7E8D9 /* Build configuration list for PBXNativeTarget "Karel learns Objective-C" */;
			buildPhases = (
				808D49D716A37CB100D7E8D9 /* Sources */,
				808D49D816A37CB100D7E8D9 /* Frameworks */,
				808D49D916A37CB100D7E8D9 /* Resources */,
			);
			buildRules = (
			);
			dependencies = (
			);
			name = "Karel learns Objective-C";
			productName = "Karel learns Objective-C";
			productReference = 808D49DB16A37CB100D7E8D9 /* Karel learns Objective-C.app */;
			productType = "com.apple.product-type.application";
		};
		808D4A0416A37CB100D7E8D9 /* Karel learns Objective-CTests */ = {
			isa = PBXNativeTarget;
			buildConfigurationList = 808D4A1A16A37CB100D7E8D9 /* Build configuration list for PBXNativeTarget "Karel learns Objective-CTests" */;
			buildPhases = (
				808D4A0016A37CB100D7E8D9 /* Sources */,
				808D4A0116A37CB100D7E8D9 /* Frameworks */,
				808D4A0216A37CB100D7E8D9 /* Resources */,
				808D4A0316A37CB100D7E8D9 /* ShellScript */,
			);
			buildRules = (
			);
			dependencies = (
				808D4A0B16A37CB100D7E8D9 /* PBXTargetDependency */,
			);
			name = "Karel learns Objective-CTests";
			productName = "Karel learns Objective-CTests";
			productReference = 808D4A0516A37CB100D7E8D9 /* Karel learns Objective-CTests.octest */;
			productType = "com.apple.product-type.bundle";
		};
/* End PBXNativeTarget section */

/* Begin PBXProject section */
		808D49D216A37CB100D7E8D9 /* Project object */ = {
			isa = PBXProject;
			attributes = {
				CLASSPREFIX = KC;
				LastUpgradeCheck = 0450;
				ORGANIZATIONNAME = "Lukas Gianinazzi";
			};
			buildConfigurationList = 808D49D516A37CB100D7E8D9 /* Build configuration list for PBXProject "Karel learns Objective-C" */;
			compatibilityVersion = "Xcode 3.2";
			developmentRegion = English;
			hasScannedForEncodings = 0;
			knownRegions = (
				en,
			);
			mainGroup = 808D49D016A37CB100D7E8D9;
			productRefGroup = 808D49DC16A37CB100D7E8D9 /* Products */;
			projectDirPath = "";
			projectRoot = "";
			targets = (
				808D49DA16A37CB100D7E8D9 /* Karel learns Objective-C */,
				808D4A0416A37CB100D7E8D9 /* Karel learns Objective-CTests */,
			);
		};
/* End PBXProject section */

/* Begin PBXResourcesBuildPhase section */
		808D49D916A37CB100D7E8D9 /* Resources */ = {
			isa = PBXResourcesBuildPhase;
			buildActionMask = 2147483647;
			files = (
				808D49EA16A37CB100D7E8D9 /* InfoPlist.strings in Resources */,
				808D49F216A37CB100D7E8D9 /* Default.png in Resources */,
				808D49F416A37CB100D7E8D9 /* Default@2x.png in Resources */,
				808D49F616A37CB100D7E8D9 /* Default-568h@2x.png in Resources */,
				808D49F916A37CB100D7E8D9 /* MainStoryboard_iPhone.storyboard in Resources */,
				808D49FC16A37CB100D7E8D9 /* MainStoryboard_iPad.storyboard in Resources */,
				80931BDC16A4614E00F59C30 /* square_128_beeper.png in Resources */,
				80931BDD16A4614E00F59C30 /* square_128_bg.png in Resources */,
				80931BED16A4BDE700F59C30 /* square_wall_landscape.png in Resources */,
				80931BEE16A4BDE700F59C30 /* square_wall_portrait.png in Resources */,
				80931BF316A4C9A300F59C30 /* karel_128.png in Resources */,
				8094F58A16AB6CB100675294 /* beeperPickingKarel.kcw in Resources */,
				8094F58C16AB6CB700675294 /* StoneMasonWorld.kcw in Resources */,
				8094F59516AB6E8400675294 /* ColorByNumbersKarel2.kcw in Resources */,
				8094F59616AB6E8400675294 /* ColorByNumbersKarel1.kcw in Resources */,
				80EC223516ACA1AB00C8E764 /* ArtistKarel1.kcw in Resources */,
				80EC223816ACA23100C8E764 /* ArtistKarel2.kcw in Resources */,
				80ECDEF416AEF25400E467C4 /* CountingKarel.kcw in Resources */,
			);
			runOnlyForDeploymentPostprocessing = 0;
		};
		808D4A0216A37CB100D7E8D9 /* Resources */ = {
			isa = PBXResourcesBuildPhase;
			buildActionMask = 2147483647;
			files = (
				808D4A1116A37CB100D7E8D9 /* InfoPlist.strings in Resources */,
				80ECDEF516AEF25400E467C4 /* CountingKarel.kcw in Resources */,
			);
			runOnlyForDeploymentPostprocessing = 0;
		};
/* End PBXResourcesBuildPhase section */

/* Begin PBXShellScriptBuildPhase section */
		808D4A0316A37CB100D7E8D9 /* ShellScript */ = {
			isa = PBXShellScriptBuildPhase;
			buildActionMask = 2147483647;
			files = (
			);
			inputPaths = (
			);
			outputPaths = (
			);
			runOnlyForDeploymentPostprocessing = 0;
			shellPath = /bin/sh;
			shellScript = "# Run the unit tests in this test bundle.\n\"${SYSTEM_DEVELOPER_DIR}/Tools/RunUnitTests\"\n";
		};
/* End PBXShellScriptBuildPhase section */

/* Begin PBXSourcesBuildPhase section */
		808D49D716A37CB100D7E8D9 /* Sources */ = {
			isa = PBXSourcesBuildPhase;
			buildActionMask = 2147483647;
			files = (
				80FFC7EB16A63C5900756027 /* KCStoneMasonKarel.m in Sources */,
				808D49EC16A37CB100D7E8D9 /* main.m in Sources */,
				808D49F016A37CB100D7E8D9 /* KCAppDelegate.m in Sources */,
				808D49FF16A37CB100D7E8D9 /* KCViewController.m in Sources */,
				808D4A2216A37CFE00D7E8D9 /* KCWorld.m in Sources */,
				808D4A2616A37E1400D7E8D9 /* KCPosition.m in Sources */,
				808D4A2A16A37E8600D7E8D9 /* KCWorldView.m in Sources */,
				808D4A2E16A3810300D7E8D9 /* KCSize.m in Sources */,
				808D4A3216A3827400D7E8D9 /* KCHeadedPosition.m in Sources */,
				808D4A3C16A38A6800D7E8D9 /* KCKarel.m in Sources */,
				808D4A4016A38F8900D7E8D9 /* KCSquareView.m in Sources */,
				80931BE716A4694000F59C30 /* KCMatrix.m in Sources */,
				80931BEA16A4830300F59C30 /* KCWallView.m in Sources */,
				80931BF116A4C8D700F59C30 /* KCKarelView.m in Sources */,
				80FFC7DF16A5FB8A00756027 /* KCBeeperPickingKarel.m in Sources */,
				80C1784116A715060068B006 /* KCWorldSelectionViewController.m in Sources */,
				80C1784516A73CB70068B006 /* KCWorldLibrary.m in Sources */,
				80C1784916A74A2D0068B006 /* KCWorldEditorViewController.m in Sources */,
				80C1784D16A7664C0068B006 /* KCWorldPropertySelectionViewController.m in Sources */,
				8094F56B16AB04D200675294 /* KCSuperKarel.m in Sources */,
				8094F58F16AB6D8400675294 /* KCArtistKarel.m in Sources */,
				8094F59216AB6E5B00675294 /* KCColorByNumbersKarel.m in Sources */,
				80ECDEE916AEEA4800E467C4 /* KCCounter.m in Sources */,
				80ECDEEE16AEEFBE00E467C4 /* KCCountingKarel.m in Sources */,
				80ECDEF816AEF61000E467C4 /* KCCounterView.m in Sources */,
				80ECDEFC16AEF95800E467C4 /* KCCounterSlotView.m in Sources */,
				80ECDEFF16AEFB4800E467C4 /* KCFlexibleArray.m in Sources */,
				80ECDF0216AF1EF200E467C4 /* KCColorPalette.m in Sources */,
			);
			runOnlyForDeploymentPostprocessing = 0;
		};
		808D4A0016A37CB100D7E8D9 /* Sources */ = {
			isa = PBXSourcesBuildPhase;
			buildActionMask = 2147483647;
			files = (
				808D4A1416A37CB100D7E8D9 /* Karel_learns_Objective_CTests.m in Sources */,
				808D4A2316A37CFE00D7E8D9 /* KCWorld.m in Sources */,
				808D4A2716A37E1400D7E8D9 /* KCPosition.m in Sources */,
				808D4A2B16A37E8600D7E8D9 /* KCWorldView.m in Sources */,
				808D4A2F16A3810300D7E8D9 /* KCSize.m in Sources */,
				808D4A3316A3827400D7E8D9 /* KCHeadedPosition.m in Sources */,
				808D4A3D16A38A6800D7E8D9 /* KCKarel.m in Sources */,
				808D4A4116A38F8900D7E8D9 /* KCSquareView.m in Sources */,
				80FFC7D316A5EA4600756027 /* KCWorldTest.m in Sources */,
				80FFC7D616A5EC0D00756027 /* KCPositionTest.m in Sources */,
				80FFC7D916A5F1C200756027 /* KCHeadedPositionTest.m in Sources */,
				80FFC7DC16A5F64F00756027 /* KCTestKarelBahaviourInWorld.m in Sources */,
				80FFC7E016A5FB8A00756027 /* KCBeeperPickingKarel.m in Sources */,
				80FFC7E416A60A2F00756027 /* KCKarelConsistencyTest.m in Sources */,
				80FFC7E816A6305100756027 /* KCStoneMasonKarel.m in Sources */,
				80C1784616A73CB70068B006 /* KCWorldLibrary.m in Sources */,
				80C1784A16A74A2D0068B006 /* KCWorldEditorViewController.m in Sources */,
				80C1784E16A7664C0068B006 /* KCWorldPropertySelectionViewController.m in Sources */,
				80ECDEEA16AEEA4800E467C4 /* KCCounter.m in Sources */,
				80ECDEEF16AEEFBE00E467C4 /* KCCountingKarel.m in Sources */,
				80ECDEF916AEF61000E467C4 /* KCCounterView.m in Sources */,
			);
			runOnlyForDeploymentPostprocessing = 0;
		};
/* End PBXSourcesBuildPhase section */

/* Begin PBXTargetDependency section */
		808D4A0B16A37CB100D7E8D9 /* PBXTargetDependency */ = {
			isa = PBXTargetDependency;
			target = 808D49DA16A37CB100D7E8D9 /* Karel learns Objective-C */;
			targetProxy = 808D4A0A16A37CB100D7E8D9 /* PBXContainerItemProxy */;
		};
/* End PBXTargetDependency section */

/* Begin PBXVariantGroup section */
		808D49E816A37CB100D7E8D9 /* InfoPlist.strings */ = {
			isa = PBXVariantGroup;
			children = (
				808D49E916A37CB100D7E8D9 /* en */,
			);
			name = InfoPlist.strings;
			sourceTree = "<group>";
		};
		808D49F716A37CB100D7E8D9 /* MainStoryboard_iPhone.storyboard */ = {
			isa = PBXVariantGroup;
			children = (
				808D49F816A37CB100D7E8D9 /* en */,
			);
			name = MainStoryboard_iPhone.storyboard;
			sourceTree = "<group>";
		};
		808D49FA16A37CB100D7E8D9 /* MainStoryboard_iPad.storyboard */ = {
			isa = PBXVariantGroup;
			children = (
				808D49FB16A37CB100D7E8D9 /* en */,
			);
			name = MainStoryboard_iPad.storyboard;
			sourceTree = "<group>";
		};
		808D4A0F16A37CB100D7E8D9 /* InfoPlist.strings */ = {
			isa = PBXVariantGroup;
			children = (
				808D4A1016A37CB100D7E8D9 /* en */,
			);
			name = InfoPlist.strings;
			sourceTree = "<group>";
		};
/* End PBXVariantGroup section */

/* Begin XCBuildConfiguration section */
		808D4A1516A37CB100D7E8D9 /* Debug */ = {
			isa = XCBuildConfiguration;
			buildSettings = {
				ALWAYS_SEARCH_USER_PATHS = NO;
				CLANG_CXX_LANGUAGE_STANDARD = "gnu++0x";
				CLANG_CXX_LIBRARY = "libc++";
				CLANG_ENABLE_OBJC_ARC = YES;
				CLANG_WARN_EMPTY_BODY = YES;
				CLANG_WARN__DUPLICATE_METHOD_MATCH = YES;
				"CODE_SIGN_IDENTITY[sdk=iphoneos*]" = "iPhone Developer";
				COPY_PHASE_STRIP = NO;
				GCC_C_LANGUAGE_STANDARD = gnu99;
				GCC_DYNAMIC_NO_PIC = NO;
				GCC_OPTIMIZATION_LEVEL = 0;
				GCC_PREPROCESSOR_DEFINITIONS = (
					"DEBUG=1",
					"$(inherited)",
				);
				GCC_SYMBOLS_PRIVATE_EXTERN = NO;
				GCC_WARN_ABOUT_RETURN_TYPE = YES;
				GCC_WARN_UNINITIALIZED_AUTOS = YES;
				GCC_WARN_UNUSED_VARIABLE = YES;
				IPHONEOS_DEPLOYMENT_TARGET = 6.0;
				ONLY_ACTIVE_ARCH = YES;
				SDKROOT = iphoneos;
				TARGETED_DEVICE_FAMILY = "1,2";
			};
			name = Debug;
		};
		808D4A1616A37CB100D7E8D9 /* Release */ = {
			isa = XCBuildConfiguration;
			buildSettings = {
				ALWAYS_SEARCH_USER_PATHS = NO;
				CLANG_CXX_LANGUAGE_STANDARD = "gnu++0x";
				CLANG_CXX_LIBRARY = "libc++";
				CLANG_ENABLE_OBJC_ARC = YES;
				CLANG_WARN_EMPTY_BODY = YES;
				CLANG_WARN__DUPLICATE_METHOD_MATCH = YES;
				"CODE_SIGN_IDENTITY[sdk=iphoneos*]" = "iPhone Developer";
				COPY_PHASE_STRIP = YES;
				GCC_C_LANGUAGE_STANDARD = gnu99;
				GCC_WARN_ABOUT_RETURN_TYPE = YES;
				GCC_WARN_UNINITIALIZED_AUTOS = YES;
				GCC_WARN_UNUSED_VARIABLE = YES;
				IPHONEOS_DEPLOYMENT_TARGET = 6.0;
				OTHER_CFLAGS = "-DNS_BLOCK_ASSERTIONS=1";
				SDKROOT = iphoneos;
				TARGETED_DEVICE_FAMILY = "1,2";
				VALIDATE_PRODUCT = YES;
			};
			name = Release;
		};
		808D4A1816A37CB100D7E8D9 /* Debug */ = {
			isa = XCBuildConfiguration;
			buildSettings = {
				GCC_PRECOMPILE_PREFIX_HEADER = YES;
				GCC_PREFIX_HEADER = "Karel learns Objective-C/Karel learns Objective-C-Prefix.pch";
				INFOPLIST_FILE = "Karel learns Objective-C/Karel learns Objective-C-Info.plist";
				PRODUCT_NAME = "$(TARGET_NAME)";
				WRAPPER_EXTENSION = app;
			};
			name = Debug;
		};
		808D4A1916A37CB100D7E8D9 /* Release */ = {
			isa = XCBuildConfiguration;
			buildSettings = {
				GCC_PRECOMPILE_PREFIX_HEADER = YES;
				GCC_PREFIX_HEADER = "Karel learns Objective-C/Karel learns Objective-C-Prefix.pch";
				INFOPLIST_FILE = "Karel learns Objective-C/Karel learns Objective-C-Info.plist";
				PRODUCT_NAME = "$(TARGET_NAME)";
				WRAPPER_EXTENSION = app;
			};
			name = Release;
		};
		808D4A1B16A37CB100D7E8D9 /* Debug */ = {
			isa = XCBuildConfiguration;
			buildSettings = {
				BUNDLE_LOADER = "$(BUILT_PRODUCTS_DIR)/Karel learns Objective-C.app/Karel learns Objective-C";
				FRAMEWORK_SEARCH_PATHS = (
					"\"$(SDKROOT)/Developer/Library/Frameworks\"",
					"\"$(DEVELOPER_LIBRARY_DIR)/Frameworks\"",
				);
				GCC_PRECOMPILE_PREFIX_HEADER = YES;
				GCC_PREFIX_HEADER = "Karel learns Objective-C/Karel learns Objective-C-Prefix.pch";
				INFOPLIST_FILE = "Karel learns Objective-CTests/Karel learns Objective-CTests-Info.plist";
				PRODUCT_NAME = "$(TARGET_NAME)";
				TEST_HOST = "$(BUNDLE_LOADER)";
				WRAPPER_EXTENSION = octest;
			};
			name = Debug;
		};
		808D4A1C16A37CB100D7E8D9 /* Release */ = {
			isa = XCBuildConfiguration;
			buildSettings = {
				BUNDLE_LOADER = "$(BUILT_PRODUCTS_DIR)/Karel learns Objective-C.app/Karel learns Objective-C";
				FRAMEWORK_SEARCH_PATHS = (
					"\"$(SDKROOT)/Developer/Library/Frameworks\"",
					"\"$(DEVELOPER_LIBRARY_DIR)/Frameworks\"",
				);
				GCC_PRECOMPILE_PREFIX_HEADER = YES;
				GCC_PREFIX_HEADER = "Karel learns Objective-C/Karel learns Objective-C-Prefix.pch";
				INFOPLIST_FILE = "Karel learns Objective-CTests/Karel learns Objective-CTests-Info.plist";
				PRODUCT_NAME = "$(TARGET_NAME)";
				TEST_HOST = "$(BUNDLE_LOADER)";
				WRAPPER_EXTENSION = octest;
			};
			name = Release;
		};
/* End XCBuildConfiguration section */

/* Begin XCConfigurationList section */
		808D49D516A37CB100D7E8D9 /* Build configuration list for PBXProject "Karel learns Objective-C" */ = {
			isa = XCConfigurationList;
			buildConfigurations = (
				808D4A1516A37CB100D7E8D9 /* Debug */,
				808D4A1616A37CB100D7E8D9 /* Release */,
			);
			defaultConfigurationIsVisible = 0;
			defaultConfigurationName = Release;
		};
		808D4A1716A37CB100D7E8D9 /* Build configuration list for PBXNativeTarget "Karel learns Objective-C" */ = {
			isa = XCConfigurationList;
			buildConfigurations = (
				808D4A1816A37CB100D7E8D9 /* Debug */,
				808D4A1916A37CB100D7E8D9 /* Release */,
			);
			defaultConfigurationIsVisible = 0;
			defaultConfigurationName = Release;
		};
		808D4A1A16A37CB100D7E8D9 /* Build configuration list for PBXNativeTarget "Karel learns Objective-CTests" */ = {
			isa = XCConfigurationList;
			buildConfigurations = (
				808D4A1B16A37CB100D7E8D9 /* Debug */,
				808D4A1C16A37CB100D7E8D9 /* Release */,
			);
			defaultConfigurationIsVisible = 0;
			defaultConfigurationName = Release;
		};
/* End XCConfigurationList section */
	};
	rootObject = 808D49D216A37CB100D7E8D9 /* Project object */;
}
